// !$*UTF8*$!
{
	archiveVersion = 1;
	classes = {
	};
	objectVersion = 56;
	objects = {

/* Begin PBXBuildFile section */
		90ABD5402987D85B002FC43A /* HomeScreenView.swift in Sources */ = {isa = PBXBuildFile; fileRef = 90ABD53F2987D85B002FC43A /* HomeScreenView.swift */; };
		90ABD5432987EDD8002FC43A /* Category.swift in Sources */ = {isa = PBXBuildFile; fileRef = 90ABD5422987EDD8002FC43A /* Category.swift */; };
		90ABD54529880B56002FC43A /* Recomendado.swift in Sources */ = {isa = PBXBuildFile; fileRef = 90ABD54429880B56002FC43A /* Recomendado.swift */; };
		90ABD54729881024002FC43A /* Recomendado_items_view.swift in Sources */ = {isa = PBXBuildFile; fileRef = 90ABD54629881024002FC43A /* Recomendado_items_view.swift */; };
		90ABD54A2988205B002FC43A /* LandingPage.swift in Sources */ = {isa = PBXBuildFile; fileRef = 90ABD5492988205B002FC43A /* LandingPage.swift */; };
		90ABD54C29883EF5002FC43A /* CustomTabBar.swift in Sources */ = {isa = PBXBuildFile; fileRef = 90ABD54B29883EF5002FC43A /* CustomTabBar.swift */; };
		90ABD54E2989A10A002FC43A /* Components.swift in Sources */ = {isa = PBXBuildFile; fileRef = 90ABD54D2989A10A002FC43A /* Components.swift */; };
		90ABD5502990FA45002FC43A /* RestaurantView.swift in Sources */ = {isa = PBXBuildFile; fileRef = 90ABD54F2990FA45002FC43A /* RestaurantView.swift */; };
		90ABD5532990FCC9002FC43A /* Restaurant.swift in Sources */ = {isa = PBXBuildFile; fileRef = 90ABD5522990FCC9002FC43A /* Restaurant.swift */; };
		90ABD55529910193002FC43A /* RestaurantCardView.swift in Sources */ = {isa = PBXBuildFile; fileRef = 90ABD55429910193002FC43A /* RestaurantCardView.swift */; };
		90ABD559299106CA002FC43A /* RestaurantHeaderView.swift in Sources */ = {isa = PBXBuildFile; fileRef = 90ABD558299106CA002FC43A /* RestaurantHeaderView.swift */; };
		90ABD55B29910988002FC43A /* Tab.swift in Sources */ = {isa = PBXBuildFile; fileRef = 90ABD55A29910988002FC43A /* Tab.swift */; };
		90ABD55D29910F23002FC43A /* HomeViewModel.swift in Sources */ = {isa = PBXBuildFile; fileRef = 90ABD55C29910F23002FC43A /* HomeViewModel.swift */; };
		90ABD55F29910F3F002FC43A /* RestaurantViewModel.swift in Sources */ = {isa = PBXBuildFile; fileRef = 90ABD55E29910F3F002FC43A /* RestaurantViewModel.swift */; };
		90F367ED297AFF8300B10E70 /* FindMyBurgerApp.swift in Sources */ = {isa = PBXBuildFile; fileRef = 90F367EC297AFF8300B10E70 /* FindMyBurgerApp.swift */; };
		90F367EF297AFF8300B10E70 /* ContentView.swift in Sources */ = {isa = PBXBuildFile; fileRef = 90F367EE297AFF8300B10E70 /* ContentView.swift */; };
		90F367F1297AFF8500B10E70 /* Assets.xcassets in Resources */ = {isa = PBXBuildFile; fileRef = 90F367F0297AFF8500B10E70 /* Assets.xcassets */; };
		90F367F4297AFF8500B10E70 /* Preview Assets.xcassets in Resources */ = {isa = PBXBuildFile; fileRef = 90F367F3297AFF8500B10E70 /* Preview Assets.xcassets */; };
		90F367FE297AFF8600B10E70 /* FindMyBurgerTests.swift in Sources */ = {isa = PBXBuildFile; fileRef = 90F367FD297AFF8600B10E70 /* FindMyBurgerTests.swift */; };
		90F36808297AFF8600B10E70 /* FindMyBurgerUITests.swift in Sources */ = {isa = PBXBuildFile; fileRef = 90F36807297AFF8600B10E70 /* FindMyBurgerUITests.swift */; };
		90F3680A297AFF8600B10E70 /* FindMyBurgerUITestsLaunchTests.swift in Sources */ = {isa = PBXBuildFile; fileRef = 90F36809297AFF8600B10E70 /* FindMyBurgerUITestsLaunchTests.swift */; };
		90F3681C297B0B4600B10E70 /* Khand-Semibold.ttf in Resources */ = {isa = PBXBuildFile; fileRef = 90F3681B297B0B4600B10E70 /* Khand-Semibold.ttf */; };
		90F3681E297B0B7B00B10E70 /* Inter-VariableFont_slnt,wght.ttf in Resources */ = {isa = PBXBuildFile; fileRef = 90F3681D297B0B7B00B10E70 /* Inter-VariableFont_slnt,wght.ttf */; };
		90F36820297F3CD400B10E70 /* LoginScreenView.swift in Sources */ = {isa = PBXBuildFile; fileRef = 90F3681F297F3CD400B10E70 /* LoginScreenView.swift */; };
		90F36823297F44CF00B10E70 /* RegisterScreenView.swift in Sources */ = {isa = PBXBuildFile; fileRef = 90F36822297F44CF00B10E70 /* RegisterScreenView.swift */; };
		90F368252980281700B10E70 /* RecoverPass.swift in Sources */ = {isa = PBXBuildFile; fileRef = 90F368242980281700B10E70 /* RecoverPass.swift */; };
/* End PBXBuildFile section */

/* Begin PBXContainerItemProxy section */
		90F367FA297AFF8500B10E70 /* PBXContainerItemProxy */ = {
			isa = PBXContainerItemProxy;
			containerPortal = 90F367E1297AFF8300B10E70 /* Project object */;
			proxyType = 1;
			remoteGlobalIDString = 90F367E8297AFF8300B10E70;
			remoteInfo = FindMyBurger;
		};
		90F36804297AFF8600B10E70 /* PBXContainerItemProxy */ = {
			isa = PBXContainerItemProxy;
			containerPortal = 90F367E1297AFF8300B10E70 /* Project object */;
			proxyType = 1;
			remoteGlobalIDString = 90F367E8297AFF8300B10E70;
			remoteInfo = FindMyBurger;
		};
/* End PBXContainerItemProxy section */

/* Begin PBXFileReference section */
		90ABD53F2987D85B002FC43A /* HomeScreenView.swift */ = {isa = PBXFileReference; lastKnownFileType = sourcecode.swift; path = HomeScreenView.swift; sourceTree = "<group>"; };
		90ABD5422987EDD8002FC43A /* Category.swift */ = {isa = PBXFileReference; lastKnownFileType = sourcecode.swift; path = Category.swift; sourceTree = "<group>"; };
		90ABD54429880B56002FC43A /* Recomendado.swift */ = {isa = PBXFileReference; lastKnownFileType = sourcecode.swift; path = Recomendado.swift; sourceTree = "<group>"; };
		90ABD54629881024002FC43A /* Recomendado_items_view.swift */ = {isa = PBXFileReference; lastKnownFileType = sourcecode.swift; path = Recomendado_items_view.swift; sourceTree = "<group>"; };
		90ABD5492988205B002FC43A /* LandingPage.swift */ = {isa = PBXFileReference; lastKnownFileType = sourcecode.swift; path = LandingPage.swift; sourceTree = "<group>"; };
		90ABD54B29883EF5002FC43A /* CustomTabBar.swift */ = {isa = PBXFileReference; lastKnownFileType = sourcecode.swift; path = CustomTabBar.swift; sourceTree = "<group>"; };
		90ABD54D2989A10A002FC43A /* Components.swift */ = {isa = PBXFileReference; lastKnownFileType = sourcecode.swift; path = Components.swift; sourceTree = "<group>"; };
		90ABD54F2990FA45002FC43A /* RestaurantView.swift */ = {isa = PBXFileReference; lastKnownFileType = sourcecode.swift; path = RestaurantView.swift; sourceTree = "<group>"; };
		90ABD5522990FCC9002FC43A /* Restaurant.swift */ = {isa = PBXFileReference; lastKnownFileType = sourcecode.swift; path = Restaurant.swift; sourceTree = "<group>"; };
		90ABD55429910193002FC43A /* RestaurantCardView.swift */ = {isa = PBXFileReference; lastKnownFileType = sourcecode.swift; path = RestaurantCardView.swift; sourceTree = "<group>"; };
		90ABD558299106CA002FC43A /* RestaurantHeaderView.swift */ = {isa = PBXFileReference; lastKnownFileType = sourcecode.swift; path = RestaurantHeaderView.swift; sourceTree = "<group>"; };
		90ABD55A29910988002FC43A /* Tab.swift */ = {isa = PBXFileReference; lastKnownFileType = sourcecode.swift; path = Tab.swift; sourceTree = "<group>"; };
		90ABD55C29910F23002FC43A /* HomeViewModel.swift */ = {isa = PBXFileReference; lastKnownFileType = sourcecode.swift; path = HomeViewModel.swift; sourceTree = "<group>"; };
		90ABD55E29910F3F002FC43A /* RestaurantViewModel.swift */ = {isa = PBXFileReference; lastKnownFileType = sourcecode.swift; path = RestaurantViewModel.swift; sourceTree = "<group>"; };
		90F367E9297AFF8300B10E70 /* FindMyBurger.app */ = {isa = PBXFileReference; explicitFileType = wrapper.application; includeInIndex = 0; path = FindMyBurger.app; sourceTree = BUILT_PRODUCTS_DIR; };
		90F367EC297AFF8300B10E70 /* FindMyBurgerApp.swift */ = {isa = PBXFileReference; lastKnownFileType = sourcecode.swift; path = FindMyBurgerApp.swift; sourceTree = "<group>"; };
		90F367EE297AFF8300B10E70 /* ContentView.swift */ = {isa = PBXFileReference; lastKnownFileType = sourcecode.swift; path = ContentView.swift; sourceTree = "<group>"; };
		90F367F0297AFF8500B10E70 /* Assets.xcassets */ = {isa = PBXFileReference; lastKnownFileType = folder.assetcatalog; path = Assets.xcassets; sourceTree = "<group>"; };
		90F367F3297AFF8500B10E70 /* Preview Assets.xcassets */ = {isa = PBXFileReference; lastKnownFileType = folder.assetcatalog; path = "Preview Assets.xcassets"; sourceTree = "<group>"; };
		90F367F9297AFF8500B10E70 /* FindMyBurgerTests.xctest */ = {isa = PBXFileReference; explicitFileType = wrapper.cfbundle; includeInIndex = 0; path = FindMyBurgerTests.xctest; sourceTree = BUILT_PRODUCTS_DIR; };
		90F367FD297AFF8600B10E70 /* FindMyBurgerTests.swift */ = {isa = PBXFileReference; lastKnownFileType = sourcecode.swift; path = FindMyBurgerTests.swift; sourceTree = "<group>"; };
		90F36803297AFF8600B10E70 /* FindMyBurgerUITests.xctest */ = {isa = PBXFileReference; explicitFileType = wrapper.cfbundle; includeInIndex = 0; path = FindMyBurgerUITests.xctest; sourceTree = BUILT_PRODUCTS_DIR; };
		90F36807297AFF8600B10E70 /* FindMyBurgerUITests.swift */ = {isa = PBXFileReference; lastKnownFileType = sourcecode.swift; path = FindMyBurgerUITests.swift; sourceTree = "<group>"; };
		90F36809297AFF8600B10E70 /* FindMyBurgerUITestsLaunchTests.swift */ = {isa = PBXFileReference; lastKnownFileType = sourcecode.swift; path = FindMyBurgerUITestsLaunchTests.swift; sourceTree = "<group>"; };
		90F3681A297B076100B10E70 /* Info.plist */ = {isa = PBXFileReference; lastKnownFileType = text.plist; path = Info.plist; sourceTree = "<group>"; };
		90F3681B297B0B4600B10E70 /* Khand-Semibold.ttf */ = {isa = PBXFileReference; lastKnownFileType = file; path = "Khand-Semibold.ttf"; sourceTree = "<group>"; };
		90F3681D297B0B7B00B10E70 /* Inter-VariableFont_slnt,wght.ttf */ = {isa = PBXFileReference; lastKnownFileType = file; name = "Inter-VariableFont_slnt,wght.ttf"; path = "../../../../../Downloads/Inter/Inter-VariableFont_slnt,wght.ttf"; sourceTree = "<group>"; };
		90F3681F297F3CD400B10E70 /* LoginScreenView.swift */ = {isa = PBXFileReference; lastKnownFileType = sourcecode.swift; path = LoginScreenView.swift; sourceTree = "<group>"; };
		90F36822297F44CF00B10E70 /* RegisterScreenView.swift */ = {isa = PBXFileReference; lastKnownFileType = sourcecode.swift; path = RegisterScreenView.swift; sourceTree = "<group>"; };
		90F368242980281700B10E70 /* RecoverPass.swift */ = {isa = PBXFileReference; lastKnownFileType = sourcecode.swift; path = RecoverPass.swift; sourceTree = "<group>"; };
/* End PBXFileReference section */

/* Begin PBXFrameworksBuildPhase section */
		90F367E6297AFF8300B10E70 /* Frameworks */ = {
			isa = PBXFrameworksBuildPhase;
			buildActionMask = 2147483647;
			files = (
			);
			runOnlyForDeploymentPostprocessing = 0;
		};
		90F367F6297AFF8500B10E70 /* Frameworks */ = {
			isa = PBXFrameworksBuildPhase;
			buildActionMask = 2147483647;
			files = (
			);
			runOnlyForDeploymentPostprocessing = 0;
		};
		90F36800297AFF8600B10E70 /* Frameworks */ = {
			isa = PBXFrameworksBuildPhase;
			buildActionMask = 2147483647;
			files = (
			);
			runOnlyForDeploymentPostprocessing = 0;
		};
/* End PBXFrameworksBuildPhase section */

/* Begin PBXGroup section */
		90ABD5412987EDC0002FC43A /* Model */ = {
			isa = PBXGroup;
			children = (
				90ABD5422987EDD8002FC43A /* Category.swift */,
				90ABD54429880B56002FC43A /* Recomendado.swift */,
				90ABD5522990FCC9002FC43A /* Restaurant.swift */,
				90ABD55A29910988002FC43A /* Tab.swift */,
			);
			path = Model;
			sourceTree = "<group>";
		};
		90ABD5512990FADD002FC43A /* ViewModel */ = {
			isa = PBXGroup;
			children = (
				90ABD55C29910F23002FC43A /* HomeViewModel.swift */,
				90ABD55E29910F3F002FC43A /* RestaurantViewModel.swift */,
			);
			path = ViewModel;
			sourceTree = "<group>";
		};
		90F367E0297AFF8300B10E70 = {
			isa = PBXGroup;
			children = (
				90F367EB297AFF8300B10E70 /* FindMyBurger */,
				90F367FC297AFF8600B10E70 /* FindMyBurgerTests */,
				90F36806297AFF8600B10E70 /* FindMyBurgerUITests */,
				90F367EA297AFF8300B10E70 /* Products */,
			);
			sourceTree = "<group>";
		};
		90F367EA297AFF8300B10E70 /* Products */ = {
			isa = PBXGroup;
			children = (
				90F367E9297AFF8300B10E70 /* FindMyBurger.app */,
				90F367F9297AFF8500B10E70 /* FindMyBurgerTests.xctest */,
				90F36803297AFF8600B10E70 /* FindMyBurgerUITests.xctest */,
			);
			name = Products;
			sourceTree = "<group>";
		};
		90F367EB297AFF8300B10E70 /* FindMyBurger */ = {
			isa = PBXGroup;
			children = (
				90ABD5512990FADD002FC43A /* ViewModel */,
				90ABD5412987EDC0002FC43A /* Model */,
				90F3681A297B076100B10E70 /* Info.plist */,
				90F36816297B040500B10E70 /* Fonts */,
				90F3681F297F3CD400B10E70 /* LoginScreenView.swift */,
				90F36822297F44CF00B10E70 /* RegisterScreenView.swift */,
				90F368242980281700B10E70 /* RecoverPass.swift */,
				90ABD53F2987D85B002FC43A /* HomeScreenView.swift */,
				90ABD54D2989A10A002FC43A /* Components.swift */,
				90ABD54629881024002FC43A /* Recomendado_items_view.swift */,
				90F367EE297AFF8300B10E70 /* ContentView.swift */,
				90F367EC297AFF8300B10E70 /* FindMyBurgerApp.swift */,
				90ABD5492988205B002FC43A /* LandingPage.swift */,
				90ABD54B29883EF5002FC43A /* CustomTabBar.swift */,
				90ABD54F2990FA45002FC43A /* RestaurantView.swift */,
				90ABD558299106CA002FC43A /* RestaurantHeaderView.swift */,
				90ABD55429910193002FC43A /* RestaurantCardView.swift */,
				90F367F0297AFF8500B10E70 /* Assets.xcassets */,
				90F367F2297AFF8500B10E70 /* Preview Content */,
			);
			path = FindMyBurger;
			sourceTree = "<group>";
		};
		90F367F2297AFF8500B10E70 /* Preview Content */ = {
			isa = PBXGroup;
			children = (
				90F367F3297AFF8500B10E70 /* Preview Assets.xcassets */,
			);
			path = "Preview Content";
			sourceTree = "<group>";
		};
		90F367FC297AFF8600B10E70 /* FindMyBurgerTests */ = {
			isa = PBXGroup;
			children = (
				90F367FD297AFF8600B10E70 /* FindMyBurgerTests.swift */,
			);
			path = FindMyBurgerTests;
			sourceTree = "<group>";
		};
		90F36806297AFF8600B10E70 /* FindMyBurgerUITests */ = {
			isa = PBXGroup;
			children = (
				90F36807297AFF8600B10E70 /* FindMyBurgerUITests.swift */,
				90F36809297AFF8600B10E70 /* FindMyBurgerUITestsLaunchTests.swift */,
			);
			path = FindMyBurgerUITests;
			sourceTree = "<group>";
		};
		90F36816297B040500B10E70 /* Fonts */ = {
			isa = PBXGroup;
			children = (
				90F3681D297B0B7B00B10E70 /* Inter-VariableFont_slnt,wght.ttf */,
				90F3681B297B0B4600B10E70 /* Khand-Semibold.ttf */,
			);
			path = Fonts;
			sourceTree = "<group>";
		};
/* End PBXGroup section */

/* Begin PBXNativeTarget section */
		90F367E8297AFF8300B10E70 /* FindMyBurger */ = {
			isa = PBXNativeTarget;
			buildConfigurationList = 90F3680D297AFF8600B10E70 /* Build configuration list for PBXNativeTarget "FindMyBurger" */;
			buildPhases = (
				90F367E5297AFF8300B10E70 /* Sources */,
				90F367E6297AFF8300B10E70 /* Frameworks */,
				90F367E7297AFF8300B10E70 /* Resources */,
			);
			buildRules = (
			);
			dependencies = (
			);
			name = FindMyBurger;
			productName = FindMyBurger;
			productReference = 90F367E9297AFF8300B10E70 /* FindMyBurger.app */;
			productType = "com.apple.product-type.application";
		};
		90F367F8297AFF8500B10E70 /* FindMyBurgerTests */ = {
			isa = PBXNativeTarget;
			buildConfigurationList = 90F36810297AFF8600B10E70 /* Build configuration list for PBXNativeTarget "FindMyBurgerTests" */;
			buildPhases = (
				90F367F5297AFF8500B10E70 /* Sources */,
				90F367F6297AFF8500B10E70 /* Frameworks */,
				90F367F7297AFF8500B10E70 /* Resources */,
			);
			buildRules = (
			);
			dependencies = (
				90F367FB297AFF8500B10E70 /* PBXTargetDependency */,
			);
			name = FindMyBurgerTests;
			productName = FindMyBurgerTests;
			productReference = 90F367F9297AFF8500B10E70 /* FindMyBurgerTests.xctest */;
			productType = "com.apple.product-type.bundle.unit-test";
		};
		90F36802297AFF8600B10E70 /* FindMyBurgerUITests */ = {
			isa = PBXNativeTarget;
			buildConfigurationList = 90F36813297AFF8600B10E70 /* Build configuration list for PBXNativeTarget "FindMyBurgerUITests" */;
			buildPhases = (
				90F367FF297AFF8600B10E70 /* Sources */,
				90F36800297AFF8600B10E70 /* Frameworks */,
				90F36801297AFF8600B10E70 /* Resources */,
			);
			buildRules = (
			);
			dependencies = (
				90F36805297AFF8600B10E70 /* PBXTargetDependency */,
			);
			name = FindMyBurgerUITests;
			productName = FindMyBurgerUITests;
			productReference = 90F36803297AFF8600B10E70 /* FindMyBurgerUITests.xctest */;
			productType = "com.apple.product-type.bundle.ui-testing";
		};
/* End PBXNativeTarget section */

/* Begin PBXProject section */
		90F367E1297AFF8300B10E70 /* Project object */ = {
			isa = PBXProject;
			attributes = {
				BuildIndependentTargetsInParallel = 1;
				LastSwiftUpdateCheck = 1420;
				LastUpgradeCheck = 1420;
				TargetAttributes = {
					90F367E8297AFF8300B10E70 = {
						CreatedOnToolsVersion = 14.2;
					};
					90F367F8297AFF8500B10E70 = {
						CreatedOnToolsVersion = 14.2;
						TestTargetID = 90F367E8297AFF8300B10E70;
					};
					90F36802297AFF8600B10E70 = {
						CreatedOnToolsVersion = 14.2;
						TestTargetID = 90F367E8297AFF8300B10E70;
					};
				};
			};
			buildConfigurationList = 90F367E4297AFF8300B10E70 /* Build configuration list for PBXProject "FindMyBurger" */;
			compatibilityVersion = "Xcode 14.0";
			developmentRegion = en;
			hasScannedForEncodings = 0;
			knownRegions = (
				en,
				Base,
			);
			mainGroup = 90F367E0297AFF8300B10E70;
			productRefGroup = 90F367EA297AFF8300B10E70 /* Products */;
			projectDirPath = "";
			projectRoot = "";
			targets = (
				90F367E8297AFF8300B10E70 /* FindMyBurger */,
				90F367F8297AFF8500B10E70 /* FindMyBurgerTests */,
				90F36802297AFF8600B10E70 /* FindMyBurgerUITests */,
			);
		};
/* End PBXProject section */

/* Begin PBXResourcesBuildPhase section */
		90F367E7297AFF8300B10E70 /* Resources */ = {
			isa = PBXResourcesBuildPhase;
			buildActionMask = 2147483647;
			files = (
				90F3681E297B0B7B00B10E70 /* Inter-VariableFont_slnt,wght.ttf in Resources */,
				90F3681C297B0B4600B10E70 /* Khand-Semibold.ttf in Resources */,
				90F367F4297AFF8500B10E70 /* Preview Assets.xcassets in Resources */,
				90F367F1297AFF8500B10E70 /* Assets.xcassets in Resources */,
			);
			runOnlyForDeploymentPostprocessing = 0;
		};
		90F367F7297AFF8500B10E70 /* Resources */ = {
			isa = PBXResourcesBuildPhase;
			buildActionMask = 2147483647;
			files = (
			);
			runOnlyForDeploymentPostprocessing = 0;
		};
		90F36801297AFF8600B10E70 /* Resources */ = {
			isa = PBXResourcesBuildPhase;
			buildActionMask = 2147483647;
			files = (
			);
			runOnlyForDeploymentPostprocessing = 0;
		};
/* End PBXResourcesBuildPhase section */

/* Begin PBXSourcesBuildPhase section */
		90F367E5297AFF8300B10E70 /* Sources */ = {
			isa = PBXSourcesBuildPhase;
			buildActionMask = 2147483647;
			files = (
				90F367EF297AFF8300B10E70 /* ContentView.swift in Sources */,
				90ABD55D29910F23002FC43A /* HomeViewModel.swift in Sources */,
				90ABD55B29910988002FC43A /* Tab.swift in Sources */,
				90ABD54E2989A10A002FC43A /* Components.swift in Sources */,
				90ABD559299106CA002FC43A /* RestaurantHeaderView.swift in Sources */,
				90F368252980281700B10E70 /* RecoverPass.swift in Sources */,
				90ABD5502990FA45002FC43A /* RestaurantView.swift in Sources */,
				90F36820297F3CD400B10E70 /* LoginScreenView.swift in Sources */,
				90ABD55529910193002FC43A /* RestaurantCardView.swift in Sources */,
				90ABD54C29883EF5002FC43A /* CustomTabBar.swift in Sources */,
				90ABD5402987D85B002FC43A /* HomeScreenView.swift in Sources */,
				90F367ED297AFF8300B10E70 /* FindMyBurgerApp.swift in Sources */,
				90ABD55F29910F3F002FC43A /* RestaurantViewModel.swift in Sources */,
				90ABD54529880B56002FC43A /* Recomendado.swift in Sources */,
				90ABD54A2988205B002FC43A /* LandingPage.swift in Sources */,
				90ABD5532990FCC9002FC43A /* Restaurant.swift in Sources */,
				90F36823297F44CF00B10E70 /* RegisterScreenView.swift in Sources */,
				90ABD5432987EDD8002FC43A /* Category.swift in Sources */,
				90ABD54729881024002FC43A /* Recomendado_items_view.swift in Sources */,
			);
			runOnlyForDeploymentPostprocessing = 0;
		};
		90F367F5297AFF8500B10E70 /* Sources */ = {
			isa = PBXSourcesBuildPhase;
			buildActionMask = 2147483647;
			files = (
				90F367FE297AFF8600B10E70 /* FindMyBurgerTests.swift in Sources */,
			);
			runOnlyForDeploymentPostprocessing = 0;
		};
		90F367FF297AFF8600B10E70 /* Sources */ = {
			isa = PBXSourcesBuildPhase;
			buildActionMask = 2147483647;
			files = (
				90F3680A297AFF8600B10E70 /* FindMyBurgerUITestsLaunchTests.swift in Sources */,
				90F36808297AFF8600B10E70 /* FindMyBurgerUITests.swift in Sources */,
			);
			runOnlyForDeploymentPostprocessing = 0;
		};
/* End PBXSourcesBuildPhase section */

/* Begin PBXTargetDependency section */
		90F367FB297AFF8500B10E70 /* PBXTargetDependency */ = {
			isa = PBXTargetDependency;
			target = 90F367E8297AFF8300B10E70 /* FindMyBurger */;
			targetProxy = 90F367FA297AFF8500B10E70 /* PBXContainerItemProxy */;
		};
		90F36805297AFF8600B10E70 /* PBXTargetDependency */ = {
			isa = PBXTargetDependency;
			target = 90F367E8297AFF8300B10E70 /* FindMyBurger */;
			targetProxy = 90F36804297AFF8600B10E70 /* PBXContainerItemProxy */;
		};
/* End PBXTargetDependency section */

/* Begin XCBuildConfiguration section */
		90F3680B297AFF8600B10E70 /* Debug */ = {
			isa = XCBuildConfiguration;
			buildSettings = {
				ALWAYS_SEARCH_USER_PATHS = NO;
				CLANG_ANALYZER_NONNULL = YES;
				CLANG_ANALYZER_NUMBER_OBJECT_CONVERSION = YES_AGGRESSIVE;
				CLANG_CXX_LANGUAGE_STANDARD = "gnu++20";
				CLANG_ENABLE_MODULES = YES;
				CLANG_ENABLE_OBJC_ARC = YES;
				CLANG_ENABLE_OBJC_WEAK = YES;
				CLANG_WARN_BLOCK_CAPTURE_AUTORELEASING = YES;
				CLANG_WARN_BOOL_CONVERSION = YES;
				CLANG_WARN_COMMA = YES;
				CLANG_WARN_CONSTANT_CONVERSION = YES;
				CLANG_WARN_DEPRECATED_OBJC_IMPLEMENTATIONS = YES;
				CLANG_WARN_DIRECT_OBJC_ISA_USAGE = YES_ERROR;
				CLANG_WARN_DOCUMENTATION_COMMENTS = YES;
				CLANG_WARN_EMPTY_BODY = YES;
				CLANG_WARN_ENUM_CONVERSION = YES;
				CLANG_WARN_INFINITE_RECURSION = YES;
				CLANG_WARN_INT_CONVERSION = YES;
				CLANG_WARN_NON_LITERAL_NULL_CONVERSION = YES;
				CLANG_WARN_OBJC_IMPLICIT_RETAIN_SELF = YES;
				CLANG_WARN_OBJC_LITERAL_CONVERSION = YES;
				CLANG_WARN_OBJC_ROOT_CLASS = YES_ERROR;
				CLANG_WARN_QUOTED_INCLUDE_IN_FRAMEWORK_HEADER = YES;
				CLANG_WARN_RANGE_LOOP_ANALYSIS = YES;
				CLANG_WARN_STRICT_PROTOTYPES = YES;
				CLANG_WARN_SUSPICIOUS_MOVE = YES;
				CLANG_WARN_UNGUARDED_AVAILABILITY = YES_AGGRESSIVE;
				CLANG_WARN_UNREACHABLE_CODE = YES;
				CLANG_WARN__DUPLICATE_METHOD_MATCH = YES;
				COPY_PHASE_STRIP = NO;
				DEBUG_INFORMATION_FORMAT = dwarf;
				ENABLE_STRICT_OBJC_MSGSEND = YES;
				ENABLE_TESTABILITY = YES;
				GCC_C_LANGUAGE_STANDARD = gnu11;
				GCC_DYNAMIC_NO_PIC = NO;
				GCC_NO_COMMON_BLOCKS = YES;
				GCC_OPTIMIZATION_LEVEL = 0;
				GCC_PREPROCESSOR_DEFINITIONS = (
					"DEBUG=1",
					"$(inherited)",
				);
				GCC_WARN_64_TO_32_BIT_CONVERSION = YES;
				GCC_WARN_ABOUT_RETURN_TYPE = YES_ERROR;
				GCC_WARN_UNDECLARED_SELECTOR = YES;
				GCC_WARN_UNINITIALIZED_AUTOS = YES_AGGRESSIVE;
				GCC_WARN_UNUSED_FUNCTION = YES;
				GCC_WARN_UNUSED_VARIABLE = YES;
				IPHONEOS_DEPLOYMENT_TARGET = 16.2;
				MTL_ENABLE_DEBUG_INFO = INCLUDE_SOURCE;
				MTL_FAST_MATH = YES;
				ONLY_ACTIVE_ARCH = YES;
				SDKROOT = iphoneos;
				SWIFT_ACTIVE_COMPILATION_CONDITIONS = DEBUG;
				SWIFT_OPTIMIZATION_LEVEL = "-Onone";
			};
			name = Debug;
		};
		90F3680C297AFF8600B10E70 /* Release */ = {
			isa = XCBuildConfiguration;
			buildSettings = {
				ALWAYS_SEARCH_USER_PATHS = NO;
				CLANG_ANALYZER_NONNULL = YES;
				CLANG_ANALYZER_NUMBER_OBJECT_CONVERSION = YES_AGGRESSIVE;
				CLANG_CXX_LANGUAGE_STANDARD = "gnu++20";
				CLANG_ENABLE_MODULES = YES;
				CLANG_ENABLE_OBJC_ARC = YES;
				CLANG_ENABLE_OBJC_WEAK = YES;
				CLANG_WARN_BLOCK_CAPTURE_AUTORELEASING = YES;
				CLANG_WARN_BOOL_CONVERSION = YES;
				CLANG_WARN_COMMA = YES;
				CLANG_WARN_CONSTANT_CONVERSION = YES;
				CLANG_WARN_DEPRECATED_OBJC_IMPLEMENTATIONS = YES;
				CLANG_WARN_DIRECT_OBJC_ISA_USAGE = YES_ERROR;
				CLANG_WARN_DOCUMENTATION_COMMENTS = YES;
				CLANG_WARN_EMPTY_BODY = YES;
				CLANG_WARN_ENUM_CONVERSION = YES;
				CLANG_WARN_INFINITE_RECURSION = YES;
				CLANG_WARN_INT_CONVERSION = YES;
				CLANG_WARN_NON_LITERAL_NULL_CONVERSION = YES;
				CLANG_WARN_OBJC_IMPLICIT_RETAIN_SELF = YES;
				CLANG_WARN_OBJC_LITERAL_CONVERSION = YES;
				CLANG_WARN_OBJC_ROOT_CLASS = YES_ERROR;
				CLANG_WARN_QUOTED_INCLUDE_IN_FRAMEWORK_HEADER = YES;
				CLANG_WARN_RANGE_LOOP_ANALYSIS = YES;
				CLANG_WARN_STRICT_PROTOTYPES = YES;
				CLANG_WARN_SUSPICIOUS_MOVE = YES;
				CLANG_WARN_UNGUARDED_AVAILABILITY = YES_AGGRESSIVE;
				CLANG_WARN_UNREACHABLE_CODE = YES;
				CLANG_WARN__DUPLICATE_METHOD_MATCH = YES;
				COPY_PHASE_STRIP = NO;
				DEBUG_INFORMATION_FORMAT = "dwarf-with-dsym";
				ENABLE_NS_ASSERTIONS = NO;
				ENABLE_STRICT_OBJC_MSGSEND = YES;
				GCC_C_LANGUAGE_STANDARD = gnu11;
				GCC_NO_COMMON_BLOCKS = YES;
				GCC_WARN_64_TO_32_BIT_CONVERSION = YES;
				GCC_WARN_ABOUT_RETURN_TYPE = YES_ERROR;
				GCC_WARN_UNDECLARED_SELECTOR = YES;
				GCC_WARN_UNINITIALIZED_AUTOS = YES_AGGRESSIVE;
				GCC_WARN_UNUSED_FUNCTION = YES;
				GCC_WARN_UNUSED_VARIABLE = YES;
				IPHONEOS_DEPLOYMENT_TARGET = 16.2;
				MTL_ENABLE_DEBUG_INFO = NO;
				MTL_FAST_MATH = YES;
				SDKROOT = iphoneos;
				SWIFT_COMPILATION_MODE = wholemodule;
				SWIFT_OPTIMIZATION_LEVEL = "-O";
				VALIDATE_PRODUCT = YES;
			};
			name = Release;
		};
		90F3680E297AFF8600B10E70 /* Debug */ = {
			isa = XCBuildConfiguration;
			buildSettings = {
				ASSETCATALOG_COMPILER_APPICON_NAME = AppIcon;
				ASSETCATALOG_COMPILER_GLOBAL_ACCENT_COLOR_NAME = AccentColor;
				CODE_SIGN_STYLE = Automatic;
				CURRENT_PROJECT_VERSION = 1;
				DEVELOPMENT_ASSET_PATHS = "\"FindMyBurger/Preview Content\"";
				DEVELOPMENT_TEAM = H8ZVN55RGH;
				ENABLE_PREVIEWS = YES;
				GENERATE_INFOPLIST_FILE = YES;
				INFOPLIST_FILE = FindMyBurger/Info.plist;
				INFOPLIST_KEY_UIApplicationSceneManifest_Generation = YES;
				INFOPLIST_KEY_UIApplicationSupportsIndirectInputEvents = YES;
				INFOPLIST_KEY_UILaunchScreen_Generation = YES;
				INFOPLIST_KEY_UISupportedInterfaceOrientations_iPad = "UIInterfaceOrientationPortrait UIInterfaceOrientationPortraitUpsideDown UIInterfaceOrientationLandscapeLeft UIInterfaceOrientationLandscapeRight";
				INFOPLIST_KEY_UISupportedInterfaceOrientations_iPhone = "UIInterfaceOrientationPortrait UIInterfaceOrientationLandscapeLeft UIInterfaceOrientationLandscapeRight";
				LD_RUNPATH_SEARCH_PATHS = (
					"$(inherited)",
					"@executable_path/Frameworks",
				);
				MARKETING_VERSION = 1.0;
				PRODUCT_BUNDLE_IDENTIFIER = j.FindMyBurger;
				PRODUCT_NAME = "$(TARGET_NAME)";
				SWIFT_EMIT_LOC_STRINGS = YES;
				SWIFT_VERSION = 5.0;
				TARGETED_DEVICE_FAMILY = "1,2";
			};
			name = Debug;
		};
		90F3680F297AFF8600B10E70 /* Release */ = {
			isa = XCBuildConfiguration;
			buildSettings = {
				ASSETCATALOG_COMPILER_APPICON_NAME = AppIcon;
				ASSETCATALOG_COMPILER_GLOBAL_ACCENT_COLOR_NAME = AccentColor;
				CODE_SIGN_STYLE = Automatic;
				CURRENT_PROJECT_VERSION = 1;
				DEVELOPMENT_ASSET_PATHS = "\"FindMyBurger/Preview Content\"";
				DEVELOPMENT_TEAM = H8ZVN55RGH;
				ENABLE_PREVIEWS = YES;
				GENERATE_INFOPLIST_FILE = YES;
				INFOPLIST_FILE = FindMyBurger/Info.plist;
				INFOPLIST_KEY_UIApplicationSceneManifest_Generation = YES;
				INFOPLIST_KEY_UIApplicationSupportsIndirectInputEvents = YES;
				INFOPLIST_KEY_UILaunchScreen_Generation = YES;
				INFOPLIST_KEY_UISupportedInterfaceOrientations_iPad = "UIInterfaceOrientationPortrait UIInterfaceOrientationPortraitUpsideDown UIInterfaceOrientationLandscapeLeft UIInterfaceOrientationLandscapeRight";
				INFOPLIST_KEY_UISupportedInterfaceOrientations_iPhone = "UIInterfaceOrientationPortrait UIInterfaceOrientationLandscapeLeft UIInterfaceOrientationLandscapeRight";
				LD_RUNPATH_SEARCH_PATHS = (
					"$(inherited)",
					"@executable_path/Frameworks",
				);
				MARKETING_VERSION = 1.0;
				PRODUCT_BUNDLE_IDENTIFIER = j.FindMyBurger;
				PRODUCT_NAME = "$(TARGET_NAME)";
				SWIFT_EMIT_LOC_STRINGS = YES;
				SWIFT_VERSION = 5.0;
				TARGETED_DEVICE_FAMILY = "1,2";
			};
			name = Release;
		};
		90F36811297AFF8600B10E70 /* Debug */ = {
			isa = XCBuildConfiguration;
			buildSettings = {
				ALWAYS_EMBED_SWIFT_STANDARD_LIBRARIES = YES;
				BUNDLE_LOADER = "$(TEST_HOST)";
				CODE_SIGN_STYLE = Automatic;
				CURRENT_PROJECT_VERSION = 1;
				GENERATE_INFOPLIST_FILE = YES;
				IPHONEOS_DEPLOYMENT_TARGET = 16.2;
				MARKETING_VERSION = 1.0;
				PRODUCT_BUNDLE_IDENTIFIER = j.FindMyBurgerTests;
				PRODUCT_NAME = "$(TARGET_NAME)";
				SWIFT_EMIT_LOC_STRINGS = NO;
				SWIFT_VERSION = 5.0;
				TARGETED_DEVICE_FAMILY = "1,2";
				TEST_HOST = "$(BUILT_PRODUCTS_DIR)/FindMyBurger.app/$(BUNDLE_EXECUTABLE_FOLDER_PATH)/FindMyBurger";
			};
			name = Debug;
		};
		90F36812297AFF8600B10E70 /* Release */ = {
			isa = XCBuildConfiguration;
			buildSettings = {
				ALWAYS_EMBED_SWIFT_STANDARD_LIBRARIES = YES;
				BUNDLE_LOADER = "$(TEST_HOST)";
				CODE_SIGN_STYLE = Automatic;
				CURRENT_PROJECT_VERSION = 1;
				GENERATE_INFOPLIST_FILE = YES;
				IPHONEOS_DEPLOYMENT_TARGET = 16.2;
				MARKETING_VERSION = 1.0;
				PRODUCT_BUNDLE_IDENTIFIER = j.FindMyBurgerTests;
				PRODUCT_NAME = "$(TARGET_NAME)";
				SWIFT_EMIT_LOC_STRINGS = NO;
				SWIFT_VERSION = 5.0;
				TARGETED_DEVICE_FAMILY = "1,2";
				TEST_HOST = "$(BUILT_PRODUCTS_DIR)/FindMyBurger.app/$(BUNDLE_EXECUTABLE_FOLDER_PATH)/FindMyBurger";
			};
			name = Release;
		};
		90F36814297AFF8600B10E70 /* Debug */ = {
			isa = XCBuildConfiguration;
			buildSettings = {
				ALWAYS_EMBED_SWIFT_STANDARD_LIBRARIES = YES;
				CODE_SIGN_STYLE = Automatic;
				CURRENT_PROJECT_VERSION = 1;
				GENERATE_INFOPLIST_FILE = YES;
				MARKETING_VERSION = 1.0;
				PRODUCT_BUNDLE_IDENTIFIER = j.FindMyBurgerUITests;
				PRODUCT_NAME = "$(TARGET_NAME)";
				SWIFT_EMIT_LOC_STRINGS = NO;
				SWIFT_VERSION = 5.0;
				TARGETED_DEVICE_FAMILY = "1,2";
				TEST_TARGET_NAME = FindMyBurger;
			};
			name = Debug;
		};
		90F36815297AFF8600B10E70 /* Release */ = {
			isa = XCBuildConfiguration;
			buildSettings = {
				ALWAYS_EMBED_SWIFT_STANDARD_LIBRARIES = YES;
				CODE_SIGN_STYLE = Automatic;
				CURRENT_PROJECT_VERSION = 1;
				GENERATE_INFOPLIST_FILE = YES;
				MARKETING_VERSION = 1.0;
				PRODUCT_BUNDLE_IDENTIFIER = j.FindMyBurgerUITests;
				PRODUCT_NAME = "$(TARGET_NAME)";
				SWIFT_EMIT_LOC_STRINGS = NO;
				SWIFT_VERSION = 5.0;
				TARGETED_DEVICE_FAMILY = "1,2";
				TEST_TARGET_NAME = FindMyBurger;
			};
			name = Release;
		};
/* End XCBuildConfiguration section */

/* Begin XCConfigurationList section */
		90F367E4297AFF8300B10E70 /* Build configuration list for PBXProject "FindMyBurger" */ = {
			isa = XCConfigurationList;
			buildConfigurations = (
				90F3680B297AFF8600B10E70 /* Debug */,
				90F3680C297AFF8600B10E70 /* Release */,
			);
			defaultConfigurationIsVisible = 0;
			defaultConfigurationName = Release;
		};
		90F3680D297AFF8600B10E70 /* Build configuration list for PBXNativeTarget "FindMyBurger" */ = {
			isa = XCConfigurationList;
			buildConfigurations = (
				90F3680E297AFF8600B10E70 /* Debug */,
				90F3680F297AFF8600B10E70 /* Release */,
			);
			defaultConfigurationIsVisible = 0;
			defaultConfigurationName = Release;
		};
		90F36810297AFF8600B10E70 /* Build configuration list for PBXNativeTarget "FindMyBurgerTests" */ = {
			isa = XCConfigurationList;
			buildConfigurations = (
				90F36811297AFF8600B10E70 /* Debug */,
				90F36812297AFF8600B10E70 /* Release */,
			);
			defaultConfigurationIsVisible = 0;
			defaultConfigurationName = Release;
		};
		90F36813297AFF8600B10E70 /* Build configuration list for PBXNativeTarget "FindMyBurgerUITests" */ = {
			isa = XCConfigurationList;
			buildConfigurations = (
				90F36814297AFF8600B10E70 /* Debug */,
				90F36815297AFF8600B10E70 /* Release */,
			);
			defaultConfigurationIsVisible = 0;
			defaultConfigurationName = Release;
		};
/* End XCConfigurationList section */
	};
	rootObject = 90F367E1297AFF8300B10E70 /* Project object */;
}
